Microsoft Visual Studio Solution File, Format Version 12.00
# Visual Studio Version 17
VisualStudioVersion = 17.5.2.0
MinimumVisualStudioVersion = 10.0.40219.1
Project("{FAE04EC0-301F-11D3-BF4B-00C04F79EFBC}") = "mm-sql-1", "mm-sql-1.csproj", "{4186A326-F206-796E-AC5F-4E8415385D5B}"
EndProject
Global
	GlobalSection(SolutionConfigurationPlatforms) = preSolution
		Debug|Any CPU = Debug|Any CPU
		Release|Any CPU = Release|Any CPU
	EndGlobalSection
	GlobalSection(ProjectConfigurationPlatforms) = postSolution
		{4186A326-F206-796E-AC5F-4E8415385D5B}.Debug|Any CPU.ActiveCfg = Debug|Any CPU
		{4186A326-F206-796E-AC5F-4E8415385D5B}.Debug|Any CPU.Build.0 = Debug|Any CPU
		{4186A326-F206-796E-AC5F-4E8415385D5B}.Release|Any CPU.ActiveCfg = Release|Any CPU
		{4186A326-F206-796E-AC5F-4E8415385D5B}.Release|Any CPU.Build.0 = Release|Any CPU
	EndGlobalSection
	GlobalSection(SolutionProperties) = preSolution
		HideSolutionNode = FALSE
	EndGlobalSection
	GlobalSection(ExtensibilityGlobals) = postSolution
		SolutionGuid = {852A5A48-1A2A-4881-899D-05FF32F2F562}
	EndGlobalSection
EndGlobal
